
Microsoft Visual Studio Solution File, Format Version 12.00
# Visual Studio Version 17
VisualStudioVersion = 17.13.35825.156 d17.13
MinimumVisualStudioVersion = 10.0.40219.1
Project("{FAE04EC0-301F-11D3-BF4B-00C04F79EFBC}") = "DAS901-Desafio1-Dilma8a", "DAS901-Desafio1-Dilma8a.csproj", "{F866B248-734F-46EC-8F78-8471AD20661F}"
EndProject
Global
	GlobalSection(SolutionConfigurationPlatforms) = preSolution
		Debug|Any CPU = Debug|Any CPU
		Release|Any CPU = Release|Any CPU
	EndGlobalSection
	GlobalSection(ProjectConfigurationPlatforms) = postSolution
		{F866B248-734F-46EC-8F78-8471AD20661F}.Debug|Any CPU.ActiveCfg = Debug|Any CPU
		{F866B248-734F-46EC-8F78-8471AD20661F}.Debug|Any CPU.Build.0 = Debug|Any CPU
		{F866B248-734F-46EC-8F78-8471AD20661F}.Release|Any CPU.ActiveCfg = Release|Any CPU
		{F866B248-734F-46EC-8F78-8471AD20661F}.Release|Any CPU.Build.0 = Release|Any CPU
	EndGlobalSection
	GlobalSection(SolutionProperties) = preSolution
		HideSolutionNode = FALSE
	EndGlobalSection
	GlobalSection(ExtensibilityGlobals) = postSolution
		SolutionGuid = {D69700AE-CB6C-4B4A-A60C-E87B85C660C6}
	EndGlobalSection
EndGlobal
